
Microsoft Visual Studio Solution File, Format Version 12.00
# Visual Studio 15
VisualStudioVersion = 15.0.28307.757
MinimumVisualStudioVersion = 10.0.40219.1
Project("{8BC9CEB8-8B4A-11D0-8D11-00A0C91BC942}") = "SampleProject", "SampleProject\SampleProject.vcxproj", "{93FDDCD6-301E-497C-8B76-1A2230D2C7DD}"
EndProject
Global
	GlobalSection(SolutionConfigurationPlatforms) = preSolution
		Debug|x64 = Debug|x64
		Debug|x86 = Debug|x86
		Release|x64 = Release|x64
		Release|x86 = Release|x86
	EndGlobalSection
	GlobalSection(ProjectConfigurationPlatforms) = postSolution
		{93FDDCD6-301E-497C-8B76-1A2230D2C7DD}.Debug|x64.ActiveCfg = Debug|x64
		{93FDDCD6-301E-497C-8B76-1A2230D2C7DD}.Debug|x64.Build.0 = Debug|x64
		{93FDDCD6-301E-497C-8B76-1A2230D2C7DD}.Debug|x86.ActiveCfg = Debug|Win32
		{93FDDCD6-301E-497C-8B76-1A2230D2C7DD}.Debug|x86.Build.0 = Debug|Win32
		{93FDDCD6-301E-497C-8B76-1A2230D2C7DD}.Release|x64.ActiveCfg = Release|x64
		{93FDDCD6-301E-497C-8B76-1A2230D2C7DD}.Release|x64.Build.0 = Release|x64
		{93FDDCD6-301E-497C-8B76-1A2230D2C7DD}.Release|x86.ActiveCfg = Release|Win32
		{93FDDCD6-301E-497C-8B76-1A2230D2C7DD}.Release|x86.Build.0 = Release|Win32
	EndGlobalSection
	GlobalSection(SolutionProperties) = preSolution
		HideSolutionNode = FALSE
	EndGlobalSection
	GlobalSection(ExtensibilityGlobals) = postSolution
		SolutionGuid = {00EA98BB-ABF5-4F41-A947-6FCE56A31097}
	EndGlobalSection
EndGlobal
